{
  "projects": [
    {
      "projectId": "seaQhLVS4bbjiGvJJrRwyL",
      "version": "15.0.3",
      "dependencies": {},
      "lang": "ts",
      "fileLocks": [
        {
          "assetId": "seaQhLVS4bbjiGvJJrRwyL",
          "type": "projectCss",
          "checksum": "dc88471beadb978e51eb3ceb75d10fdb"
        }
      ]
    },
    {
      "projectId": "qu735wuefV1gEcZzLTamke",
      "version": "latest",
      "dependencies": {
        "seaQhLVS4bbjiGvJJrRwyL": "15.0.3"
      },
      "lang": "ts",
      "fileLocks": [
        {
          "type": "globalVariant",
          "assetId": "_-_j3P8eZlhu6Q",
          "checksum": "7fc91c2c765838824f4089772ffd90ea"
        },
        {
          "assetId": "qu735wuefV1gEcZzLTamke",
          "type": "projectCss",
          "checksum": "d69a59c2601201d4266dc214b66ca6e9"
        },
        {
          "type": "renderModule",
          "assetId": "3oUZzgoVEhbjK",
          "checksum": "c043234fe877250698d17650419d3449"
        },
        {
          "type": "cssRules",
          "assetId": "3oUZzgoVEhbjK",
          "checksum": "c043234fe877250698d17650419d3449"
        },
        {
          "type": "renderModule",
          "assetId": "XHBTGbe1iCUkc",
          "checksum": "6072af6b7d507468c5a95ad96f68b6c1"
        },
        {
          "type": "cssRules",
          "assetId": "XHBTGbe1iCUkc",
          "checksum": "6072af6b7d507468c5a95ad96f68b6c1"
        },
        {
          "type": "renderModule",
          "assetId": "iYOJPSPOlC7NN",
          "checksum": "8c668cb85e2dac0bd5d56e198b5220ed"
        },
        {
          "type": "cssRules",
          "assetId": "iYOJPSPOlC7NN",
          "checksum": "8c668cb85e2dac0bd5d56e198b5220ed"
        },
        {
          "type": "renderModule",
          "assetId": "A-hPPlfIgwHZD",
          "checksum": "6e44062fd10123655c6b726a379fc9a8"
        },
        {
          "type": "cssRules",
          "assetId": "A-hPPlfIgwHZD",
          "checksum": "6e44062fd10123655c6b726a379fc9a8"
        },
        {
          "type": "renderModule",
          "assetId": "aN0nn6HQKSe6G",
          "checksum": "8227da7e63f019a8519791681adeaede"
        },
        {
          "type": "cssRules",
          "assetId": "aN0nn6HQKSe6G",
          "checksum": "8227da7e63f019a8519791681adeaede"
        },
        {
          "type": "renderModule",
          "assetId": "Mwqxqe6RamYqX",
          "checksum": "6864db25f5a123772674a59b2ec9956c"
        },
        {
          "type": "cssRules",
          "assetId": "Mwqxqe6RamYqX",
          "checksum": "6864db25f5a123772674a59b2ec9956c"
        },
        {
          "type": "renderModule",
          "assetId": "47mcyif_g20zP",
          "checksum": "287508fc279ae3861b0a5d4d6d2138b2"
        },
        {
          "type": "cssRules",
          "assetId": "47mcyif_g20zP",
          "checksum": "287508fc279ae3861b0a5d4d6d2138b2"
        },
        {
          "type": "renderModule",
          "assetId": "8S692KjJTIm_5",
          "checksum": "62d8ce7e83c39c496d9d0ad218cd25a5"
        },
        {
          "type": "cssRules",
          "assetId": "8S692KjJTIm_5",
          "checksum": "62d8ce7e83c39c496d9d0ad218cd25a5"
        },
        {
          "type": "renderModule",
          "assetId": "05CN8TazrT37v",
          "checksum": "8d28dc08501cfae860ca2d6862d27d32"
        },
        {
          "type": "cssRules",
          "assetId": "05CN8TazrT37v",
          "checksum": "8d28dc08501cfae860ca2d6862d27d32"
        },
        {
          "type": "renderModule",
          "assetId": "-6lu5GlkuIthA4",
          "checksum": "0f122a8229e3bf2dce44d4978cb8acd2"
        },
        {
          "type": "cssRules",
          "assetId": "-6lu5GlkuIthA4",
          "checksum": "0f122a8229e3bf2dce44d4978cb8acd2"
        },
        {
          "type": "renderModule",
          "assetId": "ipnc-JIrXopHYI",
          "checksum": "2b75029b24dfc219b423842815a4764b"
        },
        {
          "type": "cssRules",
          "assetId": "ipnc-JIrXopHYI",
          "checksum": "2b75029b24dfc219b423842815a4764b"
        },
        {
          "type": "renderModule",
          "assetId": "kaWiBhHTz3_qn4",
          "checksum": "b442e8328f3c9df88ba269e15526aa70"
        },
        {
          "type": "cssRules",
          "assetId": "kaWiBhHTz3_qn4",
          "checksum": "b442e8328f3c9df88ba269e15526aa70"
        },
        {
          "type": "renderModule",
          "assetId": "jv8TC2W99JhURE",
          "checksum": "4c7309efa4a64260a3b34e2be54141bf"
        },
        {
          "type": "cssRules",
          "assetId": "jv8TC2W99JhURE",
          "checksum": "4c7309efa4a64260a3b34e2be54141bf"
        },
        {
          "type": "renderModule",
          "assetId": "91OvPldJvrn-90",
          "checksum": "4161179fb85aa8b0f785ed7f32a9451c"
        },
        {
          "type": "cssRules",
          "assetId": "91OvPldJvrn-90",
          "checksum": "4161179fb85aa8b0f785ed7f32a9451c"
        },
        {
          "type": "renderModule",
          "assetId": "hOIwkhPn1_8Kub",
          "checksum": "e3e5d12258257b21d669ac22c99e4d4f"
        },
        {
          "type": "cssRules",
          "assetId": "hOIwkhPn1_8Kub",
          "checksum": "e3e5d12258257b21d669ac22c99e4d4f"
        },
        {
          "type": "renderModule",
          "assetId": "TdWNcHlzDIFUxk",
          "checksum": "9e8752339fcba0cc16567452b3ae1306"
        },
        {
          "type": "cssRules",
          "assetId": "TdWNcHlzDIFUxk",
          "checksum": "9e8752339fcba0cc16567452b3ae1306"
        },
        {
          "type": "renderModule",
          "assetId": "LbS61LMYe841I1",
          "checksum": "950dd3b44dfe00efc1740b1e067c255a"
        },
        {
          "type": "cssRules",
          "assetId": "LbS61LMYe841I1",
          "checksum": "950dd3b44dfe00efc1740b1e067c255a"
        },
        {
          "type": "icon",
          "assetId": "eFyqwbLXtQuhKS",
          "checksum": "bf8773c57ae2550be4cf148a750a7df9"
        },
        {
          "type": "icon",
          "assetId": "v5qm4pCvaNvtmL",
          "checksum": "a9a2cd795d320840b63b49b4053cd2af"
        },
        {
          "type": "icon",
          "assetId": "veBc3zr6YMPGQX",
          "checksum": "4ee3c1a84f10fb5a21d2ea2873ae3d90"
        },
        {
          "type": "icon",
          "assetId": "F-G-zBEZmfHHnv",
          "checksum": "72d4a1be14a4379a466e8756dd9d861a"
        },
        {
          "type": "icon",
          "assetId": "Iomsf0ODYnxuvu",
          "checksum": "970a102894915f5476cf9159ed0521bc"
        },
        {
          "type": "icon",
          "assetId": "pgGr5c2s6QTuyH",
          "checksum": "8bd6fe5c740dea583553f54343f01feb"
        },
        {
          "type": "icon",
          "assetId": "IliJGIT7iX3H-O",
          "checksum": "60f7193160c728e2c2e7beea09cec46f"
        },
        {
          "type": "icon",
          "assetId": "sMKnwQrUSRiIfr",
          "checksum": "4882bab2bed7e9a50e663aeb335ee145"
        },
        {
          "type": "icon",
          "assetId": "vPH_mrh3cGwr1d",
          "checksum": "41192ea402727c4d8c2d45834c194a95"
        },
        {
          "type": "icon",
          "assetId": "ViEKJubuYyVpZu",
          "checksum": "2c7bdbe547e8dce1078d3c8ed15cbbc8"
        },
        {
          "type": "icon",
          "assetId": "75nHXuqvaiNo9F",
          "checksum": "d023e575f46189f1ebf188d65ff194b5"
        },
        {
          "type": "icon",
          "assetId": "261eLyB_ITdbVl",
          "checksum": "1e79a06b5f60d48a8fab151224bc4527"
        },
        {
          "type": "icon",
          "assetId": "UP_Ls8Vkww8te7",
          "checksum": "d1eec1ee2aea313d9ab444bdc514e685"
        },
        {
          "type": "icon",
          "assetId": "CyorHDgqshSMxz",
          "checksum": "49cf79a4ab7f085e7c93e5ca2abbeaa9"
        },
        {
          "type": "icon",
          "assetId": "bCpeE0AoruU_CN",
          "checksum": "28ae9916444b4108f1c764c34b28ed4f"
        },
        {
          "type": "icon",
          "assetId": "dHDQmcM5Cz5bh1",
          "checksum": "c5e6146079b23ee8d75489e3902a1dc9"
        },
        {
          "type": "icon",
          "assetId": "gO9uWyUFNGi9vx",
          "checksum": "09d54e83ebaacec04bb75bc725a4789e"
        },
        {
          "type": "icon",
          "assetId": "1SAsWX3i7I5V-W",
          "checksum": "37e6bf456e24988b9e3d8a6bd606754a"
        },
        {
          "type": "icon",
          "assetId": "G4kg6vufM_P85a",
          "checksum": "7aff91eb8d44b05ae3193f78572b1cc5"
        },
        {
          "type": "image",
          "assetId": "CWUyhr6Kn9vHPz",
          "checksum": "0b1502475e8688566b8a44261ebd6439"
        },
        {
          "type": "image",
          "assetId": "P04eGHhGiqc8Lq",
          "checksum": "597dfd6e5be8596583dc37cd0bad8589"
        },
        {
          "type": "image",
          "assetId": "IoUlTfYcK57FEm",
          "checksum": "3c0c4f43e99a6086c786d4e5e6a0a008"
        },
        {
          "type": "image",
          "assetId": "-M7jpGZKtsSckl",
          "checksum": "4f2bab2ecfe87bec0c079d6b5b803f5c"
        }
      ]
    }
  ],
  "cliVersion": "0.1.149"
}
